# This file is autogenerated, do not edit; changes may be undone by the next 'dep ensure'.


[[projects]]
  name = "github.com/PuerkitoBio/goquery"
  packages = ["."]
  revision = "dc2ec5c7ca4d9aae063b79b9f581dd3ea6afd2b2"
  version = "v1.4.1"

[[projects]]
  name = "github.com/andybalholm/cascadia"
  packages = ["."]
  revision = "901648c87902174f774fac311d7f176f8647bdaa"
  version = "v1.0.0"

[[projects]]
  name = "github.com/matryer/try"
  packages = ["."]
  revision = "312d2599e12e89ca89b52a09597394f449235d80"
  version = "v1"

[[projects]]
  name = "github.com/mattn/go-colorable"
  packages = ["."]
  revision = "167de6bfdfba052fa6b2d3664c8f5272e23c9072"
  version = "v0.0.9"

[[projects]]
  name = "github.com/mattn/go-isatty"
  packages = ["."]
  revision = "6ca4dbf54d38eea1a992b3c722a76a5d1c4cb25c"
  version = "v0.0.4"

[[projects]]
  branch = "master"
  name = "github.com/mgutz/ansi"
  packages = ["."]
  revision = "9520e82c474b0a04dd04f8a40959027271bab992"

[[projects]]
  name = "github.com/osrg/gobgp"
  packages = ["packet"]
  revision = "32065b3f16a16eda5ce817821847f38487c84809"
  version = "v1.5"

[[projects]]
  branch = "master"
  name = "github.com/woanware/goutil"
  packages = ["."]
  revision = "feab513521a70cf07a65956e060c4ed3f6b07370"

[[projects]]
  branch = "master"
  name = "golang.org/x/net"
  packages = [
    "html",
    "html/atom"
  ]
  revision = "03003ca0c849e57b6ea29a4bab8d3cb6e4d568fe"

[[projects]]
  branch = "master"
  name = "golang.org/x/sys"
  packages = ["unix"]
  revision = "66b7b1311ac80bbafcd2daeef9a5e6e2cd1e2399"

[[projects]]
  name = "gopkg.in/matryer/try.v1"
  packages = ["."]
  revision = "312d2599e12e89ca89b52a09597394f449235d80"
  version = "v1"

[solve-meta]
  analyzer-name = "dep"
  analyzer-version = 1
  inputs-digest = "e4d5316fb9c4fb02eb9dbb79efe2e5fe262a28e1bc062b73bf5e022c4ced543e"
  solver-name = "gps-cdcl"
  solver-version = 1
